
Microsoft Visual Studio Solution File, Format Version 12.00
# Visual Studio 15
VisualStudioVersion = 15.0.28010.2048
MinimumVisualStudioVersion = 10.0.40219.1
Project("{8BC9CEB8-8B4A-11D0-8D11-00A0C91BC942}") = "naUnarny", "naUnarny.vcxproj", "{4C57B8DD-4534-4855-9A61-74714682CE55}"
EndProject
Global
	GlobalSection(SolutionConfigurationPlatforms) = preSolution
		Debug|x64 = Debug|x64
		Debug|x86 = Debug|x86
		Release|x64 = Release|x64
		Release|x86 = Release|x86
	EndGlobalSection
	GlobalSection(ProjectConfigurationPlatforms) = postSolution
		{4C57B8DD-4534-4855-9A61-74714682CE55}.Debug|x64.ActiveCfg = Debug|x64
		{4C57B8DD-4534-4855-9A61-74714682CE55}.Debug|x64.Build.0 = Debug|x64
		{4C57B8DD-4534-4855-9A61-74714682CE55}.Debug|x86.ActiveCfg = Debug|Win32
		{4C57B8DD-4534-4855-9A61-74714682CE55}.Debug|x86.Build.0 = Debug|Win32
		{4C57B8DD-4534-4855-9A61-74714682CE55}.Release|x64.ActiveCfg = Release|x64
		{4C57B8DD-4534-4855-9A61-74714682CE55}.Release|x64.Build.0 = Release|x64
		{4C57B8DD-4534-4855-9A61-74714682CE55}.Release|x86.ActiveCfg = Release|Win32
		{4C57B8DD-4534-4855-9A61-74714682CE55}.Release|x86.Build.0 = Release|Win32
	EndGlobalSection
	GlobalSection(SolutionProperties) = preSolution
		HideSolutionNode = FALSE
	EndGlobalSection
	GlobalSection(ExtensibilityGlobals) = postSolution
		SolutionGuid = {351E0866-0FCE-4AE8-A3E1-B687A58E7D36}
	EndGlobalSection
EndGlobal
